// !$*UTF8*$!
{
	archiveVersion = 1;
	classes = {
	};
	objectVersion = 50;
	objects = {

/* Begin PBXBuildFile section */
		3DA1D069E39F2DAAB8C2EB3D /* Pods_MenuItemCrash.framework in Frameworks */ = {isa = PBXBuildFile; fileRef = 43E59173560E2944916E0307 /* Pods_MenuItemCrash.framework */; };
		F214701224C7244200EF002C /* AppDelegate.m in Sources */ = {isa = PBXBuildFile; fileRef = F214701124C7244200EF002C /* AppDelegate.m */; };
		F214701524C7244200EF002C /* ViewController.m in Sources */ = {isa = PBXBuildFile; fileRef = F214701424C7244200EF002C /* ViewController.m */; };
		F214701724C7244300EF002C /* Assets.xcassets in Resources */ = {isa = PBXBuildFile; fileRef = F214701624C7244300EF002C /* Assets.xcassets */; };
		F214701A24C7244300EF002C /* Main.storyboard in Resources */ = {isa = PBXBuildFile; fileRef = F214701824C7244300EF002C /* Main.storyboard */; };
		F214701D24C7244300EF002C /* main.m in Sources */ = {isa = PBXBuildFile; fileRef = F214701C24C7244300EF002C /* main.m */; };
/* End PBXBuildFile section */

/* Begin PBXFileReference section */
		43E59173560E2944916E0307 /* Pods_MenuItemCrash.framework */ = {isa = PBXFileReference; explicitFileType = wrapper.framework; includeInIndex = 0; path = Pods_MenuItemCrash.framework; sourceTree = BUILT_PRODUCTS_DIR; };
		64BAC1D58355611D3A9CE5AD /* Pods-MenuItemCrash.debug.xcconfig */ = {isa = PBXFileReference; includeInIndex = 1; lastKnownFileType = text.xcconfig; name = "Pods-MenuItemCrash.debug.xcconfig"; path = "Target Support Files/Pods-MenuItemCrash/Pods-MenuItemCrash.debug.xcconfig"; sourceTree = "<group>"; };
		65489ABE00EBB19FA3B05FDA /* Pods-MenuItemCrash.release.xcconfig */ = {isa = PBXFileReference; includeInIndex = 1; lastKnownFileType = text.xcconfig; name = "Pods-MenuItemCrash.release.xcconfig"; path = "Target Support Files/Pods-MenuItemCrash/Pods-MenuItemCrash.release.xcconfig"; sourceTree = "<group>"; };
		F214700D24C7244200EF002C /* MenuItemCrash.app */ = {isa = PBXFileReference; explicitFileType = wrapper.application; includeInIndex = 0; path = MenuItemCrash.app; sourceTree = BUILT_PRODUCTS_DIR; };
		F214701024C7244200EF002C /* AppDelegate.h */ = {isa = PBXFileReference; lastKnownFileType = sourcecode.c.h; path = AppDelegate.h; sourceTree = "<group>"; };
		F214701124C7244200EF002C /* AppDelegate.m */ = {isa = PBXFileReference; lastKnownFileType = sourcecode.c.objc; path = AppDelegate.m; sourceTree = "<group>"; };
		F214701324C7244200EF002C /* ViewController.h */ = {isa = PBXFileReference; lastKnownFileType = sourcecode.c.h; path = ViewController.h; sourceTree = "<group>"; };
		F214701424C7244200EF002C /* ViewController.m */ = {isa = PBXFileReference; lastKnownFileType = sourcecode.c.objc; path = ViewController.m; sourceTree = "<group>"; };
		F214701624C7244300EF002C /* Assets.xcassets */ = {isa = PBXFileReference; lastKnownFileType = folder.assetcatalog; path = Assets.xcassets; sourceTree = "<group>"; };
		F214701924C7244300EF002C /* Base */ = {isa = PBXFileReference; lastKnownFileType = file.storyboard; name = Base; path = Base.lproj/Main.storyboard; sourceTree = "<group>"; };
		F214701B24C7244300EF002C /* Info.plist */ = {isa = PBXFileReference; lastKnownFileType = text.plist.xml; path = Info.plist; sourceTree = "<group>"; };
		F214701C24C7244300EF002C /* main.m */ = {isa = PBXFileReference; lastKnownFileType = sourcecode.c.objc; path = main.m; sourceTree = "<group>"; };
		F214701E24C7244300EF002C /* MenuItemCrash.entitlements */ = {isa = PBXFileReference; lastKnownFileType = text.plist.entitlements; path = MenuItemCrash.entitlements; sourceTree = "<group>"; };
/* End PBXFileReference section */

/* Begin PBXFrameworksBuildPhase section */
		F214700A24C7244200EF002C /* Frameworks */ = {
			isa = PBXFrameworksBuildPhase;
			buildActionMask = 2147483647;
			files = (
				3DA1D069E39F2DAAB8C2EB3D /* Pods_MenuItemCrash.framework in Frameworks */,
			);
			runOnlyForDeploymentPostprocessing = 0;
		};
/* End PBXFrameworksBuildPhase section */

/* Begin PBXGroup section */
		B783046E50832ECB3D7AD478 /* Frameworks */ = {
			isa = PBXGroup;
			children = (
				43E59173560E2944916E0307 /* Pods_MenuItemCrash.framework */,
			);
			name = Frameworks;
			sourceTree = "<group>";
		};
		F214700424C7244200EF002C = {
			isa = PBXGroup;
			children = (
				F214700F24C7244200EF002C /* MenuItemCrash */,
				F214700E24C7244200EF002C /* Products */,
				F9BB181717478B1020DF8952 /* Pods */,
				B783046E50832ECB3D7AD478 /* Frameworks */,
			);
			sourceTree = "<group>";
		};
		F214700E24C7244200EF002C /* Products */ = {
			isa = PBXGroup;
			children = (
				F214700D24C7244200EF002C /* MenuItemCrash.app */,
			);
			name = Products;
			sourceTree = "<group>";
		};
		F214700F24C7244200EF002C /* MenuItemCrash */ = {
			isa = PBXGroup;
			children = (
				F214701024C7244200EF002C /* AppDelegate.h */,
				F214701124C7244200EF002C /* AppDelegate.m */,
				F214701324C7244200EF002C /* ViewController.h */,
				F214701424C7244200EF002C /* ViewController.m */,
				F214701624C7244300EF002C /* Assets.xcassets */,
				F214701824C7244300EF002C /* Main.storyboard */,
				F214701B24C7244300EF002C /* Info.plist */,
				F214701C24C7244300EF002C /* main.m */,
				F214701E24C7244300EF002C /* MenuItemCrash.entitlements */,
			);
			path = MenuItemCrash;
			sourceTree = "<group>";
		};
		F9BB181717478B1020DF8952 /* Pods */ = {
			isa = PBXGroup;
			children = (
				64BAC1D58355611D3A9CE5AD /* Pods-MenuItemCrash.debug.xcconfig */,
				65489ABE00EBB19FA3B05FDA /* Pods-MenuItemCrash.release.xcconfig */,
			);
			name = Pods;
			path = Pods;
			sourceTree = "<group>";
		};
/* End PBXGroup section */

/* Begin PBXNativeTarget section */
		F214700C24C7244200EF002C /* MenuItemCrash */ = {
			isa = PBXNativeTarget;
			buildConfigurationList = F214702124C7244400EF002C /* Build configuration list for PBXNativeTarget "MenuItemCrash" */;
			buildPhases = (
				BB0CA9139092120278E2883B /* [CP] Check Pods Manifest.lock */,
				F214700924C7244200EF002C /* Sources */,
				F214700A24C7244200EF002C /* Frameworks */,
				F214700B24C7244200EF002C /* Resources */,
				E7D9D497DCBE85B4B37B9A8A /* [CP] Embed Pods Frameworks */,
			);
			buildRules = (
			);
			dependencies = (
			);
			name = MenuItemCrash;
			productName = MenuItemCrash;
			productReference = F214700D24C7244200EF002C /* MenuItemCrash.app */;
			productType = "com.apple.product-type.application";
		};
/* End PBXNativeTarget section */

/* Begin PBXProject section */
		F214700524C7244200EF002C /* Project object */ = {
			isa = PBXProject;
			attributes = {
				LastUpgradeCheck = 1160;
				ORGANIZATIONNAME = "Marcin Karmelita";
				TargetAttributes = {
					F214700C24C7244200EF002C = {
						CreatedOnToolsVersion = 11.6;
					};
				};
			};
			buildConfigurationList = F214700824C7244200EF002C /* Build configuration list for PBXProject "MenuItemCrash" */;
			compatibilityVersion = "Xcode 9.3";
			developmentRegion = en;
			hasScannedForEncodings = 0;
			knownRegions = (
				en,
				Base,
			);
			mainGroup = F214700424C7244200EF002C;
			productRefGroup = F214700E24C7244200EF002C /* Products */;
			projectDirPath = "";
			projectRoot = "";
			targets = (
				F214700C24C7244200EF002C /* MenuItemCrash */,
			);
		};
/* End PBXProject section */

/* Begin PBXResourcesBuildPhase section */
		F214700B24C7244200EF002C /* Resources */ = {
			isa = PBXResourcesBuildPhase;
			buildActionMask = 2147483647;
			files = (
				F214701724C7244300EF002C /* Assets.xcassets in Resources */,
				F214701A24C7244300EF002C /* Main.storyboard in Resources */,
			);
			runOnlyForDeploymentPostprocessing = 0;
		};
/* End PBXResourcesBuildPhase section */

/* Begin PBXShellScriptBuildPhase section */
		BB0CA9139092120278E2883B /* [CP] Check Pods Manifest.lock */ = {
			isa = PBXShellScriptBuildPhase;
			buildActionMask = 2147483647;
			files = (
			);
			inputFileListPaths = (
			);
			inputPaths = (
				"${PODS_PODFILE_DIR_PATH}/Podfile.lock",
				"${PODS_ROOT}/Manifest.lock",
			);
			name = "[CP] Check Pods Manifest.lock";
			outputFileListPaths = (
			);
			outputPaths = (
				"$(DERIVED_FILE_DIR)/Pods-MenuItemCrash-checkManifestLockResult.txt",
			);
			runOnlyForDeploymentPostprocessing = 0;
			shellPath = /bin/sh;
			shellScript = "diff \"${PODS_PODFILE_DIR_PATH}/Podfile.lock\" \"${PODS_ROOT}/Manifest.lock\" > /dev/null\nif [ $? != 0 ] ; then\n    # print error to STDERR\n    echo \"error: The sandbox is not in sync with the Podfile.lock. Run 'pod install' or update your CocoaPods installation.\" >&2\n    exit 1\nfi\n# This output is used by Xcode 'outputs' to avoid re-running this script phase.\necho \"SUCCESS\" > \"${SCRIPT_OUTPUT_FILE_0}\"\n";
			showEnvVarsInLog = 0;
		};
		E7D9D497DCBE85B4B37B9A8A /* [CP] Embed Pods Frameworks */ = {
			isa = PBXShellScriptBuildPhase;
			buildActionMask = 2147483647;
			files = (
			);
			inputFileListPaths = (
				"${PODS_ROOT}/Target Support Files/Pods-MenuItemCrash/Pods-MenuItemCrash-frameworks-${CONFIGURATION}-input-files.xcfilelist",
			);
			name = "[CP] Embed Pods Frameworks";
			outputFileListPaths = (
				"${PODS_ROOT}/Target Support Files/Pods-MenuItemCrash/Pods-MenuItemCrash-frameworks-${CONFIGURATION}-output-files.xcfilelist",
			);
			runOnlyForDeploymentPostprocessing = 0;
			shellPath = /bin/sh;
			shellScript = "\"${PODS_ROOT}/Target Support Files/Pods-MenuItemCrash/Pods-MenuItemCrash-frameworks.sh\"\n";
			showEnvVarsInLog = 0;
		};
/* End PBXShellScriptBuildPhase section */

/* Begin PBXSourcesBuildPhase section */
		F214700924C7244200EF002C /* Sources */ = {
			isa = PBXSourcesBuildPhase;
			buildActionMask = 2147483647;
			files = (
				F214701524C7244200EF002C /* ViewController.m in Sources */,
				F214701D24C7244300EF002C /* main.m in Sources */,
				F214701224C7244200EF002C /* AppDelegate.m in Sources */,
			);
			runOnlyForDeploymentPostprocessing = 0;
		};
/* End PBXSourcesBuildPhase section */

/* Begin PBXVariantGroup section */
		F214701824C7244300EF002C /* Main.storyboard */ = {
			isa = PBXVariantGroup;
			children = (
				F214701924C7244300EF002C /* Base */,
			);
			name = Main.storyboard;
			sourceTree = "<group>";
		};
/* End PBXVariantGroup section */

/* Begin XCBuildConfiguration section */
		F214701F24C7244300EF002C /* Debug */ = {
			isa = XCBuildConfiguration;
			buildSettings = {
				ALWAYS_SEARCH_USER_PATHS = NO;
				CLANG_ANALYZER_NONNULL = YES;
				CLANG_ANALYZER_NUMBER_OBJECT_CONVERSION = YES_AGGRESSIVE;
				CLANG_CXX_LANGUAGE_STANDARD = "gnu++14";
				CLANG_CXX_LIBRARY = "libc++";
				CLANG_ENABLE_MODULES = YES;
				CLANG_ENABLE_OBJC_ARC = YES;
				CLANG_ENABLE_OBJC_WEAK = YES;
				CLANG_WARN_BLOCK_CAPTURE_AUTORELEASING = YES;
				CLANG_WARN_BOOL_CONVERSION = YES;
				CLANG_WARN_COMMA = YES;
				CLANG_WARN_CONSTANT_CONVERSION = YES;
				CLANG_WARN_DEPRECATED_OBJC_IMPLEMENTATIONS = YES;
				CLANG_WARN_DIRECT_OBJC_ISA_USAGE = YES_ERROR;
				CLANG_WARN_DOCUMENTATION_COMMENTS = YES;
				CLANG_WARN_EMPTY_BODY = YES;
				CLANG_WARN_ENUM_CONVERSION = YES;
				CLANG_WARN_INFINITE_RECURSION = YES;
				CLANG_WARN_INT_CONVERSION = YES;
				CLANG_WARN_NON_LITERAL_NULL_CONVERSION = YES;
				CLANG_WARN_OBJC_IMPLICIT_RETAIN_SELF = YES;
				CLANG_WARN_OBJC_LITERAL_CONVERSION = YES;
				CLANG_WARN_OBJC_ROOT_CLASS = YES_ERROR;
				CLANG_WARN_RANGE_LOOP_ANALYSIS = YES;
				CLANG_WARN_STRICT_PROTOTYPES = YES;
				CLANG_WARN_SUSPICIOUS_MOVE = YES;
				CLANG_WARN_UNGUARDED_AVAILABILITY = YES_AGGRESSIVE;
				CLANG_WARN_UNREACHABLE_CODE = YES;
				CLANG_WARN__DUPLICATE_METHOD_MATCH = YES;
				COPY_PHASE_STRIP = NO;
				DEBUG_INFORMATION_FORMAT = dwarf;
				ENABLE_STRICT_OBJC_MSGSEND = YES;
				ENABLE_TESTABILITY = YES;
				GCC_C_LANGUAGE_STANDARD = gnu11;
				GCC_DYNAMIC_NO_PIC = NO;
				GCC_NO_COMMON_BLOCKS = YES;
				GCC_OPTIMIZATION_LEVEL = 0;
				GCC_PREPROCESSOR_DEFINITIONS = (
					"DEBUG=1",
					"$(inherited)",
				);
				GCC_WARN_64_TO_32_BIT_CONVERSION = YES;
				GCC_WARN_ABOUT_RETURN_TYPE = YES_ERROR;
				GCC_WARN_UNDECLARED_SELECTOR = YES;
				GCC_WARN_UNINITIALIZED_AUTOS = YES_AGGRESSIVE;
				GCC_WARN_UNUSED_FUNCTION = YES;
				GCC_WARN_UNUSED_VARIABLE = YES;
				MACOSX_DEPLOYMENT_TARGET = 10.15;
				MTL_ENABLE_DEBUG_INFO = INCLUDE_SOURCE;
				MTL_FAST_MATH = YES;
				ONLY_ACTIVE_ARCH = YES;
				SDKROOT = macosx;
			};
			name = Debug;
		};
		F214702024C7244400EF002C /* Release */ = {
			isa = XCBuildConfiguration;
			buildSettings = {
				ALWAYS_SEARCH_USER_PATHS = NO;
				CLANG_ANALYZER_NONNULL = YES;
				CLANG_ANALYZER_NUMBER_OBJECT_CONVERSION = YES_AGGRESSIVE;
				CLANG_CXX_LANGUAGE_STANDARD = "gnu++14";
				CLANG_CXX_LIBRARY = "libc++";
				CLANG_ENABLE_MODULES = YES;
				CLANG_ENABLE_OBJC_ARC = YES;
				CLANG_ENABLE_OBJC_WEAK = YES;
				CLANG_WARN_BLOCK_CAPTURE_AUTORELEASING = YES;
				CLANG_WARN_BOOL_CONVERSION = YES;
				CLANG_WARN_COMMA = YES;
				CLANG_WARN_CONSTANT_CONVERSION = YES;
				CLANG_WARN_DEPRECATED_OBJC_IMPLEMENTATIONS = YES;
				CLANG_WARN_DIRECT_OBJC_ISA_USAGE = YES_ERROR;
				CLANG_WARN_DOCUMENTATION_COMMENTS = YES;
				CLANG_WARN_EMPTY_BODY = YES;
				CLANG_WARN_ENUM_CONVERSION = YES;
				CLANG_WARN_INFINITE_RECURSION = YES;
				CLANG_WARN_INT_CONVERSION = YES;
				CLANG_WARN_NON_LITERAL_NULL_CONVERSION = YES;
				CLANG_WARN_OBJC_IMPLICIT_RETAIN_SELF = YES;
				CLANG_WARN_OBJC_LITERAL_CONVERSION = YES;
				CLANG_WARN_OBJC_ROOT_CLASS = YES_ERROR;
				CLANG_WARN_RANGE_LOOP_ANALYSIS = YES;
				CLANG_WARN_STRICT_PROTOTYPES = YES;
				CLANG_WARN_SUSPICIOUS_MOVE = YES;
				CLANG_WARN_UNGUARDED_AVAILABILITY = YES_AGGRESSIVE;
				CLANG_WARN_UNREACHABLE_CODE = YES;
				CLANG_WARN__DUPLICATE_METHOD_MATCH = YES;
				COPY_PHASE_STRIP = NO;
				DEBUG_INFORMATION_FORMAT = "dwarf-with-dsym";
				ENABLE_NS_ASSERTIONS = NO;
				ENABLE_STRICT_OBJC_MSGSEND = YES;
				GCC_C_LANGUAGE_STANDARD = gnu11;
				GCC_NO_COMMON_BLOCKS = YES;
				GCC_WARN_64_TO_32_BIT_CONVERSION = YES;
				GCC_WARN_ABOUT_RETURN_TYPE = YES_ERROR;
				GCC_WARN_UNDECLARED_SELECTOR = YES;
				GCC_WARN_UNINITIALIZED_AUTOS = YES_AGGRESSIVE;
				GCC_WARN_UNUSED_FUNCTION = YES;
				GCC_WARN_UNUSED_VARIABLE = YES;
				MACOSX_DEPLOYMENT_TARGET = 10.15;
				MTL_ENABLE_DEBUG_INFO = NO;
				MTL_FAST_MATH = YES;
				SDKROOT = macosx;
			};
			name = Release;
		};
		F214702224C7244400EF002C /* Debug */ = {
			isa = XCBuildConfiguration;
			baseConfigurationReference = 64BAC1D58355611D3A9CE5AD /* Pods-MenuItemCrash.debug.xcconfig */;
			buildSettings = {
				ASSETCATALOG_COMPILER_APPICON_NAME = AppIcon;
				CODE_SIGN_ENTITLEMENTS = MenuItemCrash/MenuItemCrash.entitlements;
				CODE_SIGN_STYLE = Automatic;
				COMBINE_HIDPI_IMAGES = YES;
				DEVELOPMENT_TEAM = K952H3J75D;
				ENABLE_HARDENED_RUNTIME = YES;
				INFOPLIST_FILE = MenuItemCrash/Info.plist;
				LD_RUNPATH_SEARCH_PATHS = (
					"$(inherited)",
					"@executable_path/../Frameworks",
				);
				PRODUCT_BUNDLE_IDENTIFIER = co.apptailors.MenuItemCrash;
				PRODUCT_NAME = "$(TARGET_NAME)";
			};
			name = Debug;
		};
		F214702324C7244400EF002C /* Release */ = {
			isa = XCBuildConfiguration;
			baseConfigurationReference = 65489ABE00EBB19FA3B05FDA /* Pods-MenuItemCrash.release.xcconfig */;
			buildSettings = {
				ASSETCATALOG_COMPILER_APPICON_NAME = AppIcon;
				CODE_SIGN_ENTITLEMENTS = MenuItemCrash/MenuItemCrash.entitlements;
				CODE_SIGN_STYLE = Automatic;
				COMBINE_HIDPI_IMAGES = YES;
				DEVELOPMENT_TEAM = K952H3J75D;
				ENABLE_HARDENED_RUNTIME = YES;
				INFOPLIST_FILE = MenuItemCrash/Info.plist;
				LD_RUNPATH_SEARCH_PATHS = (
					"$(inherited)",
					"@executable_path/../Frameworks",
				);
				PRODUCT_BUNDLE_IDENTIFIER = co.apptailors.MenuItemCrash;
				PRODUCT_NAME = "$(TARGET_NAME)";
			};
			name = Release;
		};
/* End XCBuildConfiguration section */

/* Begin XCConfigurationList section */
		F214700824C7244200EF002C /* Build configuration list for PBXProject "MenuItemCrash" */ = {
			isa = XCConfigurationList;
			buildConfigurations = (
				F214701F24C7244300EF002C /* Debug */,
				F214702024C7244400EF002C /* Release */,
			);
			defaultConfigurationIsVisible = 0;
			defaultConfigurationName = Release;
		};
		F214702124C7244400EF002C /* Build configuration list for PBXNativeTarget "MenuItemCrash" */ = {
			isa = XCConfigurationList;
			buildConfigurations = (
				F214702224C7244400EF002C /* Debug */,
				F214702324C7244400EF002C /* Release */,
			);
			defaultConfigurationIsVisible = 0;
			defaultConfigurationName = Release;
		};
/* End XCConfigurationList section */
	};
	rootObject = F214700524C7244200EF002C /* Project object */;
}
